
Microsoft Visual Studio Solution File, Format Version 12.00
# Visual Studio Version 17
VisualStudioVersion = 17.4.33103.184
MinimumVisualStudioVersion = 10.0.40219.1
Project("{2150E333-8FDC-42A3-9474-1A3956D46DE8}") = "1. Enterprise Business Rules", "1. Enterprise Business Rules", "{4980CBEF-E2ED-48C2-BC76-A80866256193}"
EndProject
Project("{2150E333-8FDC-42A3-9474-1A3956D46DE8}") = "2. Application Business Rules", "2. Application Business Rules", "{D7FC0EB3-68D3-456C-AE20-9BB480FC49FC}"
EndProject
Project("{2150E333-8FDC-42A3-9474-1A3956D46DE8}") = "3. Interface Adapters", "3. Interface Adapters", "{C50BAB80-BBC5-4894-BA04-E29EDF85C202}"
EndProject
Project("{2150E333-8FDC-42A3-9474-1A3956D46DE8}") = "4. Frameworks And Drivers", "4. Frameworks And Drivers", "{7F64114D-C5CD-422A-B79C-2960088E4810}"
EndProject
Project("{9A19103F-16F7-4668-BE54-9A1E7A4F7556}") = "NorthWind.Entities", "NorthWind.Entities\NorthWind.Entities.csproj", "{9E3643F0-9C31-47C1-BD47-784EC392B6AF}"
EndProject
Project("{9A19103F-16F7-4668-BE54-9A1E7A4F7556}") = "NorthWind.Sales.BusinessObjects", "NorthWind.Sales.BusinessObjects\NorthWind.Sales.BusinessObjects.csproj", "{8D520C88-9A45-445E-917F-D5523DAA8CE4}"
EndProject
Project("{9A19103F-16F7-4668-BE54-9A1E7A4F7556}") = "NorthWind.Sales.UseCases", "NorthWind.Sales.UseCases\NorthWind.Sales.UseCases.csproj", "{CBDFB484-A922-4D84-8832-A9EE430CA184}"
EndProject
Project("{2150E333-8FDC-42A3-9474-1A3956D46DE8}") = "Gateways", "Gateways", "{B03E1D16-4CBD-46B6-A917-2AE8C18335BA}"
EndProject
Project("{2150E333-8FDC-42A3-9474-1A3956D46DE8}") = "Repositories", "Repositories", "{FE0F9825-5891-4BBC-BCDA-132D0E986D7C}"
EndProject
Project("{FAE04EC0-301F-11D3-BF4B-00C04F79EFBC}") = "NorthWind.EFCore.Repositories", "NorthWind.EFCore.Repositories\NorthWind.EFCore.Repositories.csproj", "{768BDADC-5B40-4AA4-AE7C-6006B7B251EC}"
EndProject
Project("{2150E333-8FDC-42A3-9474-1A3956D46DE8}") = "Presenters", "Presenters", "{E8F7C090-118C-4035-9C36-CE1C6D3853F6}"
EndProject
Project("{FAE04EC0-301F-11D3-BF4B-00C04F79EFBC}") = "NorthWind.Sales.Presenters", "NorthWind.Sales.Presenters\NorthWind.Sales.Presenters.csproj", "{C3DA781A-F365-4A28-B07A-9A93CA08D124}"
EndProject
Project("{2150E333-8FDC-42A3-9474-1A3956D46DE8}") = "Controllers", "Controllers", "{96C9DB53-2339-45C3-AD33-A4F402EF6F4E}"
EndProject
Project("{FAE04EC0-301F-11D3-BF4B-00C04F79EFBC}") = "NorthWind.Sales.Controllers", "NorthWind.Sales.Controllers\NorthWind.Sales.Controllers.csproj", "{98EA0023-3881-48D1-8290-5AA96CEC2E28}"
EndProject
Project("{FAE04EC0-301F-11D3-BF4B-00C04F79EFBC}") = "NorthWind.Sales.IoC", "NorthWind.Sales.IoC\NorthWind.Sales.IoC.csproj", "{089A7A08-7D27-4E4E-8259-7569C6222C4C}"
EndProject
Project("{2150E333-8FDC-42A3-9474-1A3956D46DE8}") = "UIs", "UIs", "{E706DFD4-3917-4BB4-8E18-37205AA711D4}"
EndProject
Project("{FAE04EC0-301F-11D3-BF4B-00C04F79EFBC}") = "NorthWind.Sales.WebApi", "NorthWind.Sales.WebApi\NorthWind.Sales.WebApi.csproj", "{6C98CDEB-86B2-4E96-9910-25837544605D}"
EndProject
Global
	GlobalSection(SolutionConfigurationPlatforms) = preSolution
		Debug|Any CPU = Debug|Any CPU
		Release|Any CPU = Release|Any CPU
	EndGlobalSection
	GlobalSection(ProjectConfigurationPlatforms) = postSolution
		{9E3643F0-9C31-47C1-BD47-784EC392B6AF}.Debug|Any CPU.ActiveCfg = Debug|Any CPU
		{9E3643F0-9C31-47C1-BD47-784EC392B6AF}.Debug|Any CPU.Build.0 = Debug|Any CPU
		{9E3643F0-9C31-47C1-BD47-784EC392B6AF}.Release|Any CPU.ActiveCfg = Release|Any CPU
		{9E3643F0-9C31-47C1-BD47-784EC392B6AF}.Release|Any CPU.Build.0 = Release|Any CPU
		{8D520C88-9A45-445E-917F-D5523DAA8CE4}.Debug|Any CPU.ActiveCfg = Debug|Any CPU
		{8D520C88-9A45-445E-917F-D5523DAA8CE4}.Debug|Any CPU.Build.0 = Debug|Any CPU
		{8D520C88-9A45-445E-917F-D5523DAA8CE4}.Release|Any CPU.ActiveCfg = Release|Any CPU
		{8D520C88-9A45-445E-917F-D5523DAA8CE4}.Release|Any CPU.Build.0 = Release|Any CPU
		{CBDFB484-A922-4D84-8832-A9EE430CA184}.Debug|Any CPU.ActiveCfg = Debug|Any CPU
		{CBDFB484-A922-4D84-8832-A9EE430CA184}.Debug|Any CPU.Build.0 = Debug|Any CPU
		{CBDFB484-A922-4D84-8832-A9EE430CA184}.Release|Any CPU.ActiveCfg = Release|Any CPU
		{CBDFB484-A922-4D84-8832-A9EE430CA184}.Release|Any CPU.Build.0 = Release|Any CPU
		{768BDADC-5B40-4AA4-AE7C-6006B7B251EC}.Debug|Any CPU.ActiveCfg = Debug|Any CPU
		{768BDADC-5B40-4AA4-AE7C-6006B7B251EC}.Debug|Any CPU.Build.0 = Debug|Any CPU
		{768BDADC-5B40-4AA4-AE7C-6006B7B251EC}.Release|Any CPU.ActiveCfg = Release|Any CPU
		{768BDADC-5B40-4AA4-AE7C-6006B7B251EC}.Release|Any CPU.Build.0 = Release|Any CPU
		{C3DA781A-F365-4A28-B07A-9A93CA08D124}.Debug|Any CPU.ActiveCfg = Debug|Any CPU
		{C3DA781A-F365-4A28-B07A-9A93CA08D124}.Debug|Any CPU.Build.0 = Debug|Any CPU
		{C3DA781A-F365-4A28-B07A-9A93CA08D124}.Release|Any CPU.ActiveCfg = Release|Any CPU
		{C3DA781A-F365-4A28-B07A-9A93CA08D124}.Release|Any CPU.Build.0 = Release|Any CPU
		{98EA0023-3881-48D1-8290-5AA96CEC2E28}.Debug|Any CPU.ActiveCfg = Debug|Any CPU
		{98EA0023-3881-48D1-8290-5AA96CEC2E28}.Debug|Any CPU.Build.0 = Debug|Any CPU
		{98EA0023-3881-48D1-8290-5AA96CEC2E28}.Release|Any CPU.ActiveCfg = Release|Any CPU
		{98EA0023-3881-48D1-8290-5AA96CEC2E28}.Release|Any CPU.Build.0 = Release|Any CPU
		{089A7A08-7D27-4E4E-8259-7569C6222C4C}.Debug|Any CPU.ActiveCfg = Debug|Any CPU
		{089A7A08-7D27-4E4E-8259-7569C6222C4C}.Debug|Any CPU.Build.0 = Debug|Any CPU
		{089A7A08-7D27-4E4E-8259-7569C6222C4C}.Release|Any CPU.ActiveCfg = Release|Any CPU
		{089A7A08-7D27-4E4E-8259-7569C6222C4C}.Release|Any CPU.Build.0 = Release|Any CPU
		{6C98CDEB-86B2-4E96-9910-25837544605D}.Debug|Any CPU.ActiveCfg = Debug|Any CPU
		{6C98CDEB-86B2-4E96-9910-25837544605D}.Debug|Any CPU.Build.0 = Debug|Any CPU
		{6C98CDEB-86B2-4E96-9910-25837544605D}.Release|Any CPU.ActiveCfg = Release|Any CPU
		{6C98CDEB-86B2-4E96-9910-25837544605D}.Release|Any CPU.Build.0 = Release|Any CPU
	EndGlobalSection
	GlobalSection(SolutionProperties) = preSolution
		HideSolutionNode = FALSE
	EndGlobalSection
	GlobalSection(NestedProjects) = preSolution
		{9E3643F0-9C31-47C1-BD47-784EC392B6AF} = {4980CBEF-E2ED-48C2-BC76-A80866256193}
		{8D520C88-9A45-445E-917F-D5523DAA8CE4} = {D7FC0EB3-68D3-456C-AE20-9BB480FC49FC}
		{CBDFB484-A922-4D84-8832-A9EE430CA184} = {D7FC0EB3-68D3-456C-AE20-9BB480FC49FC}
		{B03E1D16-4CBD-46B6-A917-2AE8C18335BA} = {C50BAB80-BBC5-4894-BA04-E29EDF85C202}
		{FE0F9825-5891-4BBC-BCDA-132D0E986D7C} = {B03E1D16-4CBD-46B6-A917-2AE8C18335BA}
		{768BDADC-5B40-4AA4-AE7C-6006B7B251EC} = {FE0F9825-5891-4BBC-BCDA-132D0E986D7C}
		{E8F7C090-118C-4035-9C36-CE1C6D3853F6} = {C50BAB80-BBC5-4894-BA04-E29EDF85C202}
		{C3DA781A-F365-4A28-B07A-9A93CA08D124} = {E8F7C090-118C-4035-9C36-CE1C6D3853F6}
		{96C9DB53-2339-45C3-AD33-A4F402EF6F4E} = {C50BAB80-BBC5-4894-BA04-E29EDF85C202}
		{98EA0023-3881-48D1-8290-5AA96CEC2E28} = {96C9DB53-2339-45C3-AD33-A4F402EF6F4E}
		{089A7A08-7D27-4E4E-8259-7569C6222C4C} = {C50BAB80-BBC5-4894-BA04-E29EDF85C202}
		{E706DFD4-3917-4BB4-8E18-37205AA711D4} = {7F64114D-C5CD-422A-B79C-2960088E4810}
		{6C98CDEB-86B2-4E96-9910-25837544605D} = {E706DFD4-3917-4BB4-8E18-37205AA711D4}
	EndGlobalSection
	GlobalSection(ExtensibilityGlobals) = postSolution
		SolutionGuid = {3D0D39C8-F8CA-4E99-94BB-B41F9C6ABC0E}
	EndGlobalSection
EndGlobal
